
Microsoft Visual Studio Solution File, Format Version 12.00
# Visual Studio Version 18
VisualStudioVersion = 18.5.11723.231 stable
MinimumVisualStudioVersion = 10.0.40219.1
Project("{2150E333-8FDC-42A3-9474-1A3956D46DE8}") = "samples", "samples", "{5D20AA90-6969-D8BD-9DCD-8634F4692FDA}"
EndProject
Project("{FAE04EC0-301F-11D3-BF4B-00C04F79EFBC}") = "Ideogram.Client.Console", "samples\Ideogram.Client.Console\Ideogram.Client.Console.csproj", "{ECA9B2C4-D601-45C8-B58A-4CCDBB56FD93}"
EndProject
Project("{2150E333-8FDC-42A3-9474-1A3956D46DE8}") = "src", "src", "{827E0CD3-B72D-47B6-A68D-7590B98EB39B}"
EndProject
Project("{FAE04EC0-301F-11D3-BF4B-00C04F79EFBC}") = "Ideogram.Client", "src\Ideogram.Client\Ideogram.Client.csproj", "{E568F814-BBE7-4451-AC0D-1A9C0B86450E}"
EndProject
Global
	GlobalSection(SolutionConfigurationPlatforms) = preSolution
		Debug|Any CPU = Debug|Any CPU
		Debug|x64 = Debug|x64
		Debug|x86 = Debug|x86
		Release|Any CPU = Release|Any CPU
		Release|x64 = Release|x64
		Release|x86 = Release|x86
	EndGlobalSection
	GlobalSection(ProjectConfigurationPlatforms) = postSolution
		{ECA9B2C4-D601-45C8-B58A-4CCDBB56FD93}.Debug|Any CPU.ActiveCfg = Debug|Any CPU
		{ECA9B2C4-D601-45C8-B58A-4CCDBB56FD93}.Debug|Any CPU.Build.0 = Debug|Any CPU
		{ECA9B2C4-D601-45C8-B58A-4CCDBB56FD93}.Debug|x64.ActiveCfg = Debug|Any CPU
		{ECA9B2C4-D601-45C8-B58A-4CCDBB56FD93}.Debug|x64.Build.0 = Debug|Any CPU
		{ECA9B2C4-D601-45C8-B58A-4CCDBB56FD93}.Debug|x86.ActiveCfg = Debug|Any CPU
		{ECA9B2C4-D601-45C8-B58A-4CCDBB56FD93}.Debug|x86.Build.0 = Debug|Any CPU
		{ECA9B2C4-D601-45C8-B58A-4CCDBB56FD93}.Release|Any CPU.ActiveCfg = Release|Any CPU
		{ECA9B2C4-D601-45C8-B58A-4CCDBB56FD93}.Release|Any CPU.Build.0 = Release|Any CPU
		{ECA9B2C4-D601-45C8-B58A-4CCDBB56FD93}.Release|x64.ActiveCfg = Release|Any CPU
		{ECA9B2C4-D601-45C8-B58A-4CCDBB56FD93}.Release|x64.Build.0 = Release|Any CPU
		{ECA9B2C4-D601-45C8-B58A-4CCDBB56FD93}.Release|x86.ActiveCfg = Release|Any CPU
		{ECA9B2C4-D601-45C8-B58A-4CCDBB56FD93}.Release|x86.Build.0 = Release|Any CPU
		{E568F814-BBE7-4451-AC0D-1A9C0B86450E}.Debug|Any CPU.ActiveCfg = Debug|Any CPU
		{E568F814-BBE7-4451-AC0D-1A9C0B86450E}.Debug|Any CPU.Build.0 = Debug|Any CPU
		{E568F814-BBE7-4451-AC0D-1A9C0B86450E}.Debug|x64.ActiveCfg = Debug|Any CPU
		{E568F814-BBE7-4451-AC0D-1A9C0B86450E}.Debug|x64.Build.0 = Debug|Any CPU
		{E568F814-BBE7-4451-AC0D-1A9C0B86450E}.Debug|x86.ActiveCfg = Debug|Any CPU
		{E568F814-BBE7-4451-AC0D-1A9C0B86450E}.Debug|x86.Build.0 = Debug|Any CPU
		{E568F814-BBE7-4451-AC0D-1A9C0B86450E}.Release|Any CPU.ActiveCfg = Release|Any CPU
		{E568F814-BBE7-4451-AC0D-1A9C0B86450E}.Release|Any CPU.Build.0 = Release|Any CPU
		{E568F814-BBE7-4451-AC0D-1A9C0B86450E}.Release|x64.ActiveCfg = Release|Any CPU
		{E568F814-BBE7-4451-AC0D-1A9C0B86450E}.Release|x64.Build.0 = Release|Any CPU
		{E568F814-BBE7-4451-AC0D-1A9C0B86450E}.Release|x86.ActiveCfg = Release|Any CPU
		{E568F814-BBE7-4451-AC0D-1A9C0B86450E}.Release|x86.Build.0 = Release|Any CPU
	EndGlobalSection
	GlobalSection(SolutionProperties) = preSolution
		HideSolutionNode = FALSE
	EndGlobalSection
	GlobalSection(NestedProjects) = preSolution
		{ECA9B2C4-D601-45C8-B58A-4CCDBB56FD93} = {5D20AA90-6969-D8BD-9DCD-8634F4692FDA}
		{E568F814-BBE7-4451-AC0D-1A9C0B86450E} = {827E0CD3-B72D-47B6-A68D-7590B98EB39B}
	EndGlobalSection
EndGlobal
